
Microsoft Visual Studio Solution File, Format Version 12.00
# Visual Studio Version 17
VisualStudioVersion = 17.3.32811.315
MinimumVisualStudioVersion = 10.0.40219.1
Project("{9A19103F-16F7-4668-BE54-9A1E7A4F7556}") = "AspNetCoreEmpty", "AspNetCoreEmpty\AspNetCoreEmpty.csproj", "{BFD6CBAC-7B39-4EBE-96A7-73C98195B013}"
EndProject
Global
	GlobalSection(SolutionConfigurationPlatforms) = preSolution
		Debug|Any CPU = Debug|Any CPU
		Release|Any CPU = Release|Any CPU
	EndGlobalSection
	GlobalSection(ProjectConfigurationPlatforms) = postSolution
		{BFD6CBAC-7B39-4EBE-96A7-73C98195B013}.Debug|Any CPU.ActiveCfg = Debug|Any CPU
		{BFD6CBAC-7B39-4EBE-96A7-73C98195B013}.Debug|Any CPU.Build.0 = Debug|Any CPU
		{BFD6CBAC-7B39-4EBE-96A7-73C98195B013}.Release|Any CPU.ActiveCfg = Release|Any CPU
		{BFD6CBAC-7B39-4EBE-96A7-73C98195B013}.Release|Any CPU.Build.0 = Release|Any CPU
	EndGlobalSection
	GlobalSection(SolutionProperties) = preSolution
		HideSolutionNode = FALSE
	EndGlobalSection
	GlobalSection(ExtensibilityGlobals) = postSolution
		SolutionGuid = {CD8B6422-A7F1-4EC1-90F4-291CB943C227}
	EndGlobalSection
EndGlobal
